
Microsoft Visual Studio Solution File, Format Version 12.00
# Visual Studio 14
VisualStudioVersion = 14.0.25123.0
MinimumVisualStudioVersion = 10.0.40219.1
Project("{FAE04EC0-301F-11D3-BF4B-00C04F79EFBC}") = "TocaLivros.API", "TocaLivros.API\TocaLivros.API.csproj", "{71B9E4B5-E8BA-41A8-A927-D980C959F114}"
EndProject
Project("{FAE04EC0-301F-11D3-BF4B-00C04F79EFBC}") = "TocaLivros.Domain", "TocaLivros.Domain\TocaLivros.Domain.csproj", "{EE38DEB4-C8FF-41B7-8646-2205CCB678EA}"
EndProject
Project("{FAE04EC0-301F-11D3-BF4B-00C04F79EFBC}") = "TocaLivros.Infraestructure", "TocaLivros.Infraestructure\TocaLivros.Infraestructure.csproj", "{4CCAC3CF-7F47-47E3-BC39-BDD764B62966}"
EndProject
Project("{2150E333-8FDC-42A3-9474-1A3956D46DE8}") = "Droid", "Droid", "{216A2FB1-CF42-4090-98CC-F2F7EBD13C93}"
EndProject
Project("{FAE04EC0-301F-11D3-BF4B-00C04F79EFBC}") = "TocaLivros.Core", "TocaLivros.Core\TocaLivros.Core.csproj", "{E75C2B66-9137-4927-B660-263E99E875B4}"
EndProject
Project("{FAE04EC0-301F-11D3-BF4B-00C04F79EFBC}") = "TocaLivros.Droid", "TocaLivros.Droid\TocaLivros.Droid.csproj", "{648FBE35-E513-4480-B957-74CF04E2B293}"
EndProject
Global
	GlobalSection(SolutionConfigurationPlatforms) = preSolution
		Debug|Any CPU = Debug|Any CPU
		Release|Any CPU = Release|Any CPU
	EndGlobalSection
	GlobalSection(ProjectConfigurationPlatforms) = postSolution
		{71B9E4B5-E8BA-41A8-A927-D980C959F114}.Debug|Any CPU.ActiveCfg = Debug|Any CPU
		{71B9E4B5-E8BA-41A8-A927-D980C959F114}.Debug|Any CPU.Build.0 = Debug|Any CPU
		{71B9E4B5-E8BA-41A8-A927-D980C959F114}.Release|Any CPU.ActiveCfg = Release|Any CPU
		{71B9E4B5-E8BA-41A8-A927-D980C959F114}.Release|Any CPU.Build.0 = Release|Any CPU
		{EE38DEB4-C8FF-41B7-8646-2205CCB678EA}.Debug|Any CPU.ActiveCfg = Debug|Any CPU
		{EE38DEB4-C8FF-41B7-8646-2205CCB678EA}.Debug|Any CPU.Build.0 = Debug|Any CPU
		{EE38DEB4-C8FF-41B7-8646-2205CCB678EA}.Release|Any CPU.ActiveCfg = Release|Any CPU
		{EE38DEB4-C8FF-41B7-8646-2205CCB678EA}.Release|Any CPU.Build.0 = Release|Any CPU
		{4CCAC3CF-7F47-47E3-BC39-BDD764B62966}.Debug|Any CPU.ActiveCfg = Debug|Any CPU
		{4CCAC3CF-7F47-47E3-BC39-BDD764B62966}.Debug|Any CPU.Build.0 = Debug|Any CPU
		{4CCAC3CF-7F47-47E3-BC39-BDD764B62966}.Release|Any CPU.ActiveCfg = Release|Any CPU
		{4CCAC3CF-7F47-47E3-BC39-BDD764B62966}.Release|Any CPU.Build.0 = Release|Any CPU
		{E75C2B66-9137-4927-B660-263E99E875B4}.Debug|Any CPU.ActiveCfg = Debug|Any CPU
		{E75C2B66-9137-4927-B660-263E99E875B4}.Debug|Any CPU.Build.0 = Debug|Any CPU
		{E75C2B66-9137-4927-B660-263E99E875B4}.Release|Any CPU.ActiveCfg = Release|Any CPU
		{E75C2B66-9137-4927-B660-263E99E875B4}.Release|Any CPU.Build.0 = Release|Any CPU
		{648FBE35-E513-4480-B957-74CF04E2B293}.Debug|Any CPU.ActiveCfg = Debug|Any CPU
		{648FBE35-E513-4480-B957-74CF04E2B293}.Debug|Any CPU.Build.0 = Debug|Any CPU
		{648FBE35-E513-4480-B957-74CF04E2B293}.Debug|Any CPU.Deploy.0 = Debug|Any CPU
		{648FBE35-E513-4480-B957-74CF04E2B293}.Release|Any CPU.ActiveCfg = Release|Any CPU
		{648FBE35-E513-4480-B957-74CF04E2B293}.Release|Any CPU.Build.0 = Release|Any CPU
		{648FBE35-E513-4480-B957-74CF04E2B293}.Release|Any CPU.Deploy.0 = Release|Any CPU
	EndGlobalSection
	GlobalSection(SolutionProperties) = preSolution
		HideSolutionNode = FALSE
	EndGlobalSection
	GlobalSection(NestedProjects) = preSolution
		{E75C2B66-9137-4927-B660-263E99E875B4} = {216A2FB1-CF42-4090-98CC-F2F7EBD13C93}
		{648FBE35-E513-4480-B957-74CF04E2B293} = {216A2FB1-CF42-4090-98CC-F2F7EBD13C93}
	EndGlobalSection
EndGlobal
