
Microsoft Visual Studio Solution File, Format Version 12.00
# Visual Studio 14
VisualStudioVersion = 14.0.25123.0
MinimumVisualStudioVersion = 10.0.40219.1
Project("{FAE04EC0-301F-11D3-BF4B-00C04F79EFBC}") = "TocaLivros.API", "TocaLivros.API\TocaLivros.API.csproj", "{71B9E4B5-E8BA-41A8-A927-D980C959F114}"
EndProject
Project("{FAE04EC0-301F-11D3-BF4B-00C04F79EFBC}") = "TocaLivros.Domain", "TocaLivros.Domain\TocaLivros.Domain.csproj", "{EE38DEB4-C8FF-41B7-8646-2205CCB678EA}"
EndProject
Project("{FAE04EC0-301F-11D3-BF4B-00C04F79EFBC}") = "TocaLivros.Infraestructure", "TocaLivros.Infraestructure\TocaLivros.Infraestructure.csproj", "{4CCAC3CF-7F47-47E3-BC39-BDD764B62966}"
EndProject
Global
	GlobalSection(SolutionConfigurationPlatforms) = preSolution
		Debug|Any CPU = Debug|Any CPU
		Release|Any CPU = Release|Any CPU
	EndGlobalSection
	GlobalSection(ProjectConfigurationPlatforms) = postSolution
		{71B9E4B5-E8BA-41A8-A927-D980C959F114}.Debug|Any CPU.ActiveCfg = Debug|Any CPU
		{71B9E4B5-E8BA-41A8-A927-D980C959F114}.Debug|Any CPU.Build.0 = Debug|Any CPU
		{71B9E4B5-E8BA-41A8-A927-D980C959F114}.Release|Any CPU.ActiveCfg = Release|Any CPU
		{71B9E4B5-E8BA-41A8-A927-D980C959F114}.Release|Any CPU.Build.0 = Release|Any CPU
		{EE38DEB4-C8FF-41B7-8646-2205CCB678EA}.Debug|Any CPU.ActiveCfg = Debug|Any CPU
		{EE38DEB4-C8FF-41B7-8646-2205CCB678EA}.Debug|Any CPU.Build.0 = Debug|Any CPU
		{EE38DEB4-C8FF-41B7-8646-2205CCB678EA}.Release|Any CPU.ActiveCfg = Release|Any CPU
		{EE38DEB4-C8FF-41B7-8646-2205CCB678EA}.Release|Any CPU.Build.0 = Release|Any CPU
		{4CCAC3CF-7F47-47E3-BC39-BDD764B62966}.Debug|Any CPU.ActiveCfg = Debug|Any CPU
		{4CCAC3CF-7F47-47E3-BC39-BDD764B62966}.Debug|Any CPU.Build.0 = Debug|Any CPU
		{4CCAC3CF-7F47-47E3-BC39-BDD764B62966}.Release|Any CPU.ActiveCfg = Release|Any CPU
		{4CCAC3CF-7F47-47E3-BC39-BDD764B62966}.Release|Any CPU.Build.0 = Release|Any CPU
	EndGlobalSection
	GlobalSection(SolutionProperties) = preSolution
		HideSolutionNode = FALSE
	EndGlobalSection
EndGlobal
